Microsoft Visual Studio Solution File, Format Version 12.00
# Visual Studio Version 17
VisualStudioVersion = 17.7.34221.43
MinimumVisualStudioVersion = 10.0.40219.1
Project("{FAE04EC0-301F-11D3-BF4B-00C04F79EFBC}") = "HomeAssistant", "HaPlugin\HomeAssistant.csproj", "{3F9844CF-4465-40F4-AC89-F10673669D6E}"
EndProject
Global
	GlobalSection(SolutionConfigurationPlatforms) = preSolution
		Debug|Any CPU = Debug|Any CPU
		Release|Any CPU = Release|Any CPU
	EndGlobalSection
	GlobalSection(ProjectConfigurationPlatforms) = postSolution
		{3F9844CF-4465-40F4-AC89-F10673669D6E}.Debug|Any CPU.ActiveCfg = Debug|Any CPU
		{3F9844CF-4465-40F4-AC89-F10673669D6E}.Debug|Any CPU.Build.0 = Debug|Any CPU
		{3F9844CF-4465-40F4-AC89-F10673669D6E}.Release|Any CPU.ActiveCfg = Release|Any CPU
		{3F9844CF-4465-40F4-AC89-F10673669D6E}.Release|Any CPU.Build.0 = Release|Any CPU
	EndGlobalSection
	GlobalSection(SolutionProperties) = preSolution
		HideSolutionNode = FALSE
	EndGlobalSection
	GlobalSection(ExtensibilityGlobals) = postSolution
		SolutionGuid = {9D416640-2196-439C-A994-B02FA6854C37}
	EndGlobalSection
EndGlobal
